
Microsoft Visual Studio Solution File, Format Version 12.00
# Visual Studio Version 17
VisualStudioVersion = 17.0.32126.317
MinimumVisualStudioVersion = 10.0.40219.1
Project("{FAE04EC0-301F-11D3-BF4B-00C04F79EFBC}") = "ConsoleApp17", "ConsoleApp17\ConsoleApp17.csproj", "{0D6FBC96-0929-4495-9FB8-2FE6BD3F6B6C}"
EndProject
Global
	GlobalSection(SolutionConfigurationPlatforms) = preSolution
		Debug|Any CPU = Debug|Any CPU
		Release|Any CPU = Release|Any CPU
	EndGlobalSection
	GlobalSection(ProjectConfigurationPlatforms) = postSolution
		{0D6FBC96-0929-4495-9FB8-2FE6BD3F6B6C}.Debug|Any CPU.ActiveCfg = Debug|Any CPU
		{0D6FBC96-0929-4495-9FB8-2FE6BD3F6B6C}.Debug|Any CPU.Build.0 = Debug|Any CPU
		{0D6FBC96-0929-4495-9FB8-2FE6BD3F6B6C}.Release|Any CPU.ActiveCfg = Release|Any CPU
		{0D6FBC96-0929-4495-9FB8-2FE6BD3F6B6C}.Release|Any CPU.Build.0 = Release|Any CPU
	EndGlobalSection
	GlobalSection(SolutionProperties) = preSolution
		HideSolutionNode = FALSE
	EndGlobalSection
	GlobalSection(ExtensibilityGlobals) = postSolution
		SolutionGuid = {E226F72F-F0E5-4304-AA53-E492810CD992}
	EndGlobalSection
EndGlobal
