
Microsoft Visual Studio Solution File, Format Version 12.00
# Visual Studio Version 17
VisualStudioVersion = 17.0.32126.317
MinimumVisualStudioVersion = 10.0.40219.1
Project("{FAE04EC0-301F-11D3-BF4B-00C04F79EFBC}") = "ConsoleApp14", "ConsoleApp14\ConsoleApp14.csproj", "{B63622E0-EAA6-48D6-97E8-3B0B9328406A}"
EndProject
Global
	GlobalSection(SolutionConfigurationPlatforms) = preSolution
		Debug|Any CPU = Debug|Any CPU
		Release|Any CPU = Release|Any CPU
	EndGlobalSection
	GlobalSection(ProjectConfigurationPlatforms) = postSolution
		{B63622E0-EAA6-48D6-97E8-3B0B9328406A}.Debug|Any CPU.ActiveCfg = Debug|Any CPU
		{B63622E0-EAA6-48D6-97E8-3B0B9328406A}.Debug|Any CPU.Build.0 = Debug|Any CPU
		{B63622E0-EAA6-48D6-97E8-3B0B9328406A}.Release|Any CPU.ActiveCfg = Release|Any CPU
		{B63622E0-EAA6-48D6-97E8-3B0B9328406A}.Release|Any CPU.Build.0 = Release|Any CPU
	EndGlobalSection
	GlobalSection(SolutionProperties) = preSolution
		HideSolutionNode = FALSE
	EndGlobalSection
	GlobalSection(ExtensibilityGlobals) = postSolution
		SolutionGuid = {D448406E-B5BF-4733-A83D-47785D6ECE9C}
	EndGlobalSection
EndGlobal
